// !$*UTF8*$!
{
	archiveVersion = 1;
	classes = {
	};
	objectVersion = 46;
	objects = {

/* Begin PBXBuildFile section */
		B2179430140D7C14002BA002 /* mei.framework in Frameworks */ = {isa = PBXBuildFile; fileRef = B217942F140D7C14002BA002 /* mei.framework */; };
		B2513F2A13FD908900680D83 /* meiedcommands.cpp in Sources */ = {isa = PBXBuildFile; fileRef = B2513F2913FD908900680D83 /* meiedcommands.cpp */; };
		B2513F2D13FD90A300680D83 /* meiedmodes.cpp in Sources */ = {isa = PBXBuildFile; fileRef = B2513F2C13FD90A300680D83 /* meiedmodes.cpp */; };
		B2A35FD713F4868E006F428B /* main.cpp in Sources */ = {isa = PBXBuildFile; fileRef = B2A35FD613F4868E006F428B /* main.cpp */; };
		B2A35FEF13F48828006F428B /* meied.cpp in Sources */ = {isa = PBXBuildFile; fileRef = B2A35FEE13F48828006F428B /* meied.cpp */; };
/* End PBXBuildFile section */

/* Begin PBXCopyFilesBuildPhase section */
		B2A35FD013F4868E006F428B /* CopyFiles */ = {
			isa = PBXCopyFilesBuildPhase;
			buildActionMask = 2147483647;
			dstPath = /usr/share/man/man1/;
			dstSubfolderSpec = 0;
			files = (
			);
			runOnlyForDeploymentPostprocessing = 1;
		};
/* End PBXCopyFilesBuildPhase section */

/* Begin PBXFileReference section */
		B217942F140D7C14002BA002 /* mei.framework */ = {isa = PBXFileReference; lastKnownFileType = wrapper.framework; name = mei.framework; path = Library/Frameworks/mei.framework; sourceTree = SDKROOT; };
		B2513F2913FD908900680D83 /* meiedcommands.cpp */ = {isa = PBXFileReference; fileEncoding = 4; lastKnownFileType = sourcecode.cpp.cpp; path = meiedcommands.cpp; sourceTree = "<group>"; };
		B2513F2C13FD90A300680D83 /* meiedmodes.cpp */ = {isa = PBXFileReference; fileEncoding = 4; lastKnownFileType = sourcecode.cpp.cpp; path = meiedmodes.cpp; sourceTree = "<group>"; };
		B2513F2E13FD90AD00680D83 /* meiedcommands.h */ = {isa = PBXFileReference; fileEncoding = 4; lastKnownFileType = sourcecode.c.h; path = meiedcommands.h; sourceTree = "<group>"; };
		B2513F2F13FD90B800680D83 /* meiedmodes.h */ = {isa = PBXFileReference; fileEncoding = 4; lastKnownFileType = sourcecode.c.h; path = meiedmodes.h; sourceTree = "<group>"; };
		B2513F3013FD932B00680D83 /* README.md */ = {isa = PBXFileReference; fileEncoding = 4; lastKnownFileType = text; path = README.md; sourceTree = "<group>"; };
		B2A35FD213F4868E006F428B /* meied */ = {isa = PBXFileReference; explicitFileType = "compiled.mach-o.executable"; includeInIndex = 0; path = meied; sourceTree = BUILT_PRODUCTS_DIR; };
		B2A35FD613F4868E006F428B /* main.cpp */ = {isa = PBXFileReference; lastKnownFileType = sourcecode.cpp.cpp; path = main.cpp; sourceTree = "<group>"; };
		B2A35FED13F4874E006F428B /* meied.h */ = {isa = PBXFileReference; lastKnownFileType = sourcecode.c.h; path = meied.h; sourceTree = "<group>"; };
		B2A35FEE13F48828006F428B /* meied.cpp */ = {isa = PBXFileReference; fileEncoding = 4; lastKnownFileType = sourcecode.cpp.cpp; path = meied.cpp; sourceTree = "<group>"; };
/* End PBXFileReference section */

/* Begin PBXFrameworksBuildPhase section */
		B2A35FCF13F4868E006F428B /* Frameworks */ = {
			isa = PBXFrameworksBuildPhase;
			buildActionMask = 2147483647;
			files = (
				B2179430140D7C14002BA002 /* mei.framework in Frameworks */,
			);
			runOnlyForDeploymentPostprocessing = 0;
		};
/* End PBXFrameworksBuildPhase section */

/* Begin PBXGroup section */
		B2A35FC713F4868E006F428B = {
			isa = PBXGroup;
			children = (
				B217942F140D7C14002BA002 /* mei.framework */,
				B2513F3013FD932B00680D83 /* README.md */,
				B2A35FD513F4868E006F428B /* meied */,
				B2A35FD313F4868E006F428B /* Products */,
			);
			sourceTree = "<group>";
		};
		B2A35FD313F4868E006F428B /* Products */ = {
			isa = PBXGroup;
			children = (
				B2A35FD213F4868E006F428B /* meied */,
			);
			name = Products;
			sourceTree = "<group>";
		};
		B2A35FD513F4868E006F428B /* meied */ = {
			isa = PBXGroup;
			children = (
				B2A35FD613F4868E006F428B /* main.cpp */,
				B2A35FED13F4874E006F428B /* meied.h */,
				B2A35FEE13F48828006F428B /* meied.cpp */,
				B2513F2E13FD90AD00680D83 /* meiedcommands.h */,
				B2513F2913FD908900680D83 /* meiedcommands.cpp */,
				B2513F2F13FD90B800680D83 /* meiedmodes.h */,
				B2513F2C13FD90A300680D83 /* meiedmodes.cpp */,
			);
			path = meied;
			sourceTree = "<group>";
		};
/* End PBXGroup section */

/* Begin PBXNativeTarget section */
		B2A35FD113F4868E006F428B /* meied */ = {
			isa = PBXNativeTarget;
			buildConfigurationList = B2A35FDC13F4868E006F428B /* Build configuration list for PBXNativeTarget "meied" */;
			buildPhases = (
				B2A35FCE13F4868E006F428B /* Sources */,
				B2A35FCF13F4868E006F428B /* Frameworks */,
				B2A35FD013F4868E006F428B /* CopyFiles */,
			);
			buildRules = (
			);
			dependencies = (
			);
			name = meied;
			productName = meied;
			productReference = B2A35FD213F4868E006F428B /* meied */;
			productType = "com.apple.product-type.tool";
		};
/* End PBXNativeTarget section */

/* Begin PBXProject section */
		B2A35FC913F4868E006F428B /* Project object */ = {
			isa = PBXProject;
			buildConfigurationList = B2A35FCC13F4868E006F428B /* Build configuration list for PBXProject "meied" */;
			compatibilityVersion = "Xcode 3.2";
			developmentRegion = English;
			hasScannedForEncodings = 0;
			knownRegions = (
				en,
			);
			mainGroup = B2A35FC713F4868E006F428B;
			productRefGroup = B2A35FD313F4868E006F428B /* Products */;
			projectDirPath = "";
			projectRoot = "";
			targets = (
				B2A35FD113F4868E006F428B /* meied */,
			);
		};
/* End PBXProject section */

/* Begin PBXSourcesBuildPhase section */
		B2A35FCE13F4868E006F428B /* Sources */ = {
			isa = PBXSourcesBuildPhase;
			buildActionMask = 2147483647;
			files = (
				B2A35FD713F4868E006F428B /* main.cpp in Sources */,
				B2A35FEF13F48828006F428B /* meied.cpp in Sources */,
				B2513F2A13FD908900680D83 /* meiedcommands.cpp in Sources */,
				B2513F2D13FD90A300680D83 /* meiedmodes.cpp in Sources */,
			);
			runOnlyForDeploymentPostprocessing = 0;
		};
/* End PBXSourcesBuildPhase section */

/* Begin XCBuildConfiguration section */
		B2A35FDA13F4868E006F428B /* Debug */ = {
			isa = XCBuildConfiguration;
			buildSettings = {
				ALWAYS_SEARCH_USER_PATHS = NO;
				ARCHS = "$(ARCHS_STANDARD_64_BIT)";
				COPY_PHASE_STRIP = NO;
				GCC_C_LANGUAGE_STANDARD = gnu99;
				GCC_DYNAMIC_NO_PIC = NO;
				GCC_ENABLE_OBJC_EXCEPTIONS = YES;
				GCC_OPTIMIZATION_LEVEL = 0;
				GCC_PREPROCESSOR_DEFINITIONS = (
					"DEBUG=1",
					"$(inherited)",
				);
				GCC_SYMBOLS_PRIVATE_EXTERN = NO;
				GCC_VERSION = com.apple.compilers.llvm.clang.1_0;
				GCC_WARN_64_TO_32_BIT_CONVERSION = YES;
				GCC_WARN_ABOUT_MISSING_PROTOTYPES = YES;
				GCC_WARN_ABOUT_RETURN_TYPE = YES;
				GCC_WARN_UNUSED_VARIABLE = YES;
				MACOSX_DEPLOYMENT_TARGET = 10.7;
				ONLY_ACTIVE_ARCH = YES;
				SDKROOT = macosx;
			};
			name = Debug;
		};
		B2A35FDB13F4868E006F428B /* Release */ = {
			isa = XCBuildConfiguration;
			buildSettings = {
				ALWAYS_SEARCH_USER_PATHS = NO;
				ARCHS = "$(ARCHS_STANDARD_64_BIT)";
				COPY_PHASE_STRIP = YES;
				DEBUG_INFORMATION_FORMAT = "dwarf-with-dsym";
				GCC_C_LANGUAGE_STANDARD = gnu99;
				GCC_ENABLE_OBJC_EXCEPTIONS = YES;
				GCC_VERSION = com.apple.compilers.llvm.clang.1_0;
				GCC_WARN_64_TO_32_BIT_CONVERSION = YES;
				GCC_WARN_ABOUT_MISSING_PROTOTYPES = YES;
				GCC_WARN_ABOUT_RETURN_TYPE = YES;
				GCC_WARN_UNUSED_VARIABLE = YES;
				MACOSX_DEPLOYMENT_TARGET = 10.7;
				SDKROOT = macosx;
			};
			name = Release;
		};
		B2A35FDD13F4868E006F428B /* Debug */ = {
			isa = XCBuildConfiguration;
			buildSettings = {
				FRAMEWORK_SEARCH_PATHS = (
					"$(inherited)",
					"\"$(SRCROOT)/../..\"",
				);
				PRODUCT_NAME = "$(TARGET_NAME)";
			};
			name = Debug;
		};
		B2A35FDE13F4868E006F428B /* Release */ = {
			isa = XCBuildConfiguration;
			buildSettings = {
				FRAMEWORK_SEARCH_PATHS = (
					"$(inherited)",
					"\"$(SRCROOT)/../..\"",
				);
				PRODUCT_NAME = "$(TARGET_NAME)";
			};
			name = Release;
		};
/* End XCBuildConfiguration section */

/* Begin XCConfigurationList section */
		B2A35FCC13F4868E006F428B /* Build configuration list for PBXProject "meied" */ = {
			isa = XCConfigurationList;
			buildConfigurations = (
				B2A35FDA13F4868E006F428B /* Debug */,
				B2A35FDB13F4868E006F428B /* Release */,
			);
			defaultConfigurationIsVisible = 0;
			defaultConfigurationName = Release;
		};
		B2A35FDC13F4868E006F428B /* Build configuration list for PBXNativeTarget "meied" */ = {
			isa = XCConfigurationList;
			buildConfigurations = (
				B2A35FDD13F4868E006F428B /* Debug */,
				B2A35FDE13F4868E006F428B /* Release */,
			);
			defaultConfigurationIsVisible = 0;
			defaultConfigurationName = Release;
		};
/* End XCConfigurationList section */
	};
	rootObject = B2A35FC913F4868E006F428B /* Project object */;
}
